// !$*UTF8*$!
{
	archiveVersion = 1;
	classes = {
	};
	objectVersion = 50;
	objects = {

/* Begin PBXBuildFile section */
		D902132923FC033D00219675 /* AppDelegate.swift in Sources */ = {isa = PBXBuildFile; fileRef = D902132823FC033D00219675 /* AppDelegate.swift */; };
		D902132B23FC033D00219675 /* SceneDelegate.swift in Sources */ = {isa = PBXBuildFile; fileRef = D902132A23FC033D00219675 /* SceneDelegate.swift */; };
		D902132D23FC033D00219675 /* ContentView.swift in Sources */ = {isa = PBXBuildFile; fileRef = D902132C23FC033D00219675 /* ContentView.swift */; };
		D902132F23FC033F00219675 /* Assets.xcassets in Resources */ = {isa = PBXBuildFile; fileRef = D902132E23FC033F00219675 /* Assets.xcassets */; };
		D902133223FC033F00219675 /* Preview Assets.xcassets in Resources */ = {isa = PBXBuildFile; fileRef = D902133123FC033F00219675 /* Preview Assets.xcassets */; };
		D902133523FC033F00219675 /* LaunchScreen.storyboard in Resources */ = {isa = PBXBuildFile; fileRef = D902133323FC033F00219675 /* LaunchScreen.storyboard */; };
		D902133E23FC03B200219675 /* Units.swift in Sources */ = {isa = PBXBuildFile; fileRef = D902133D23FC03B200219675 /* Units.swift */; };
/* End PBXBuildFile section */

/* Begin PBXFileReference section */
		D902132523FC033D00219675 /* Units.app */ = {isa = PBXFileReference; explicitFileType = wrapper.application; includeInIndex = 0; path = Units.app; sourceTree = BUILT_PRODUCTS_DIR; };
		D902132823FC033D00219675 /* AppDelegate.swift */ = {isa = PBXFileReference; lastKnownFileType = sourcecode.swift; path = AppDelegate.swift; sourceTree = "<group>"; };
		D902132A23FC033D00219675 /* SceneDelegate.swift */ = {isa = PBXFileReference; lastKnownFileType = sourcecode.swift; path = SceneDelegate.swift; sourceTree = "<group>"; };
		D902132C23FC033D00219675 /* ContentView.swift */ = {isa = PBXFileReference; lastKnownFileType = sourcecode.swift; path = ContentView.swift; sourceTree = "<group>"; };
		D902132E23FC033F00219675 /* Assets.xcassets */ = {isa = PBXFileReference; lastKnownFileType = folder.assetcatalog; path = Assets.xcassets; sourceTree = "<group>"; };
		D902133123FC033F00219675 /* Preview Assets.xcassets */ = {isa = PBXFileReference; lastKnownFileType = folder.assetcatalog; path = "Preview Assets.xcassets"; sourceTree = "<group>"; };
		D902133423FC033F00219675 /* Base */ = {isa = PBXFileReference; lastKnownFileType = file.storyboard; name = Base; path = Base.lproj/LaunchScreen.storyboard; sourceTree = "<group>"; };
		D902133623FC033F00219675 /* Info.plist */ = {isa = PBXFileReference; lastKnownFileType = text.plist.xml; path = Info.plist; sourceTree = "<group>"; };
		D902133D23FC03B200219675 /* Units.swift */ = {isa = PBXFileReference; lastKnownFileType = sourcecode.swift; path = Units.swift; sourceTree = "<group>"; };
/* End PBXFileReference section */

/* Begin PBXFrameworksBuildPhase section */
		D902132223FC033D00219675 /* Frameworks */ = {
			isa = PBXFrameworksBuildPhase;
			buildActionMask = 2147483647;
			files = (
			);
			runOnlyForDeploymentPostprocessing = 0;
		};
/* End PBXFrameworksBuildPhase section */

/* Begin PBXGroup section */
		D902131C23FC033D00219675 = {
			isa = PBXGroup;
			children = (
				D902132723FC033D00219675 /* Units */,
				D902132623FC033D00219675 /* Products */,
			);
			sourceTree = "<group>";
		};
		D902132623FC033D00219675 /* Products */ = {
			isa = PBXGroup;
			children = (
				D902132523FC033D00219675 /* Units.app */,
			);
			name = Products;
			sourceTree = "<group>";
		};
		D902132723FC033D00219675 /* Units */ = {
			isa = PBXGroup;
			children = (
				D902133623FC033F00219675 /* Info.plist */,
				D902132823FC033D00219675 /* AppDelegate.swift */,
				D902132C23FC033D00219675 /* ContentView.swift */,
				D902132A23FC033D00219675 /* SceneDelegate.swift */,
				D902133D23FC03B200219675 /* Units.swift */,
				D902132E23FC033F00219675 /* Assets.xcassets */,
				D902133323FC033F00219675 /* LaunchScreen.storyboard */,
				D902133023FC033F00219675 /* Preview Content */,
			);
			path = Units;
			sourceTree = "<group>";
		};
		D902133023FC033F00219675 /* Preview Content */ = {
			isa = PBXGroup;
			children = (
				D902133123FC033F00219675 /* Preview Assets.xcassets */,
			);
			path = "Preview Content";
			sourceTree = "<group>";
		};
/* End PBXGroup section */

/* Begin PBXNativeTarget section */
		D902132423FC033D00219675 /* Units */ = {
			isa = PBXNativeTarget;
			buildConfigurationList = D902133923FC033F00219675 /* Build configuration list for PBXNativeTarget "Units" */;
			buildPhases = (
				D902132123FC033D00219675 /* Sources */,
				D902132223FC033D00219675 /* Frameworks */,
				D902132323FC033D00219675 /* Resources */,
			);
			buildRules = (
			);
			dependencies = (
			);
			name = Units;
			productName = Units;
			productReference = D902132523FC033D00219675 /* Units.app */;
			productType = "com.apple.product-type.application";
		};
/* End PBXNativeTarget section */

/* Begin PBXProject section */
		D902131D23FC033D00219675 /* Project object */ = {
			isa = PBXProject;
			attributes = {
				LastSwiftUpdateCheck = 1130;
				LastUpgradeCheck = 1130;
				ORGANIZATIONNAME = emer;
				TargetAttributes = {
					D902132423FC033D00219675 = {
						CreatedOnToolsVersion = 11.3.1;
					};
				};
			};
			buildConfigurationList = D902132023FC033D00219675 /* Build configuration list for PBXProject "Units" */;
			compatibilityVersion = "Xcode 9.3";
			developmentRegion = en;
			hasScannedForEncodings = 0;
			knownRegions = (
				en,
				Base,
			);
			mainGroup = D902131C23FC033D00219675;
			productRefGroup = D902132623FC033D00219675 /* Products */;
			projectDirPath = "";
			projectRoot = "";
			targets = (
				D902132423FC033D00219675 /* Units */,
			);
		};
/* End PBXProject section */

/* Begin PBXResourcesBuildPhase section */
		D902132323FC033D00219675 /* Resources */ = {
			isa = PBXResourcesBuildPhase;
			buildActionMask = 2147483647;
			files = (
				D902133523FC033F00219675 /* LaunchScreen.storyboard in Resources */,
				D902133223FC033F00219675 /* Preview Assets.xcassets in Resources */,
				D902132F23FC033F00219675 /* Assets.xcassets in Resources */,
			);
			runOnlyForDeploymentPostprocessing = 0;
		};
/* End PBXResourcesBuildPhase section */

/* Begin PBXSourcesBuildPhase section */
		D902132123FC033D00219675 /* Sources */ = {
			isa = PBXSourcesBuildPhase;
			buildActionMask = 2147483647;
			files = (
				D902132923FC033D00219675 /* AppDelegate.swift in Sources */,
				D902133E23FC03B200219675 /* Units.swift in Sources */,
				D902132B23FC033D00219675 /* SceneDelegate.swift in Sources */,
				D902132D23FC033D00219675 /* ContentView.swift in Sources */,
			);
			runOnlyForDeploymentPostprocessing = 0;
		};
/* End PBXSourcesBuildPhase section */

/* Begin PBXVariantGroup section */
		D902133323FC033F00219675 /* LaunchScreen.storyboard */ = {
			isa = PBXVariantGroup;
			children = (
				D902133423FC033F00219675 /* Base */,
			);
			name = LaunchScreen.storyboard;
			sourceTree = "<group>";
		};
/* End PBXVariantGroup section */

/* Begin XCBuildConfiguration section */
		D902133723FC033F00219675 /* Debug */ = {
			isa = XCBuildConfiguration;
			buildSettings = {
				ALWAYS_SEARCH_USER_PATHS = NO;
				CLANG_ANALYZER_NONNULL = YES;
				CLANG_ANALYZER_NUMBER_OBJECT_CONVERSION = YES_AGGRESSIVE;
				CLANG_CXX_LANGUAGE_STANDARD = "gnu++14";
				CLANG_CXX_LIBRARY = "libc++";
				CLANG_ENABLE_MODULES = YES;
				CLANG_ENABLE_OBJC_ARC = YES;
				CLANG_ENABLE_OBJC_WEAK = YES;
				CLANG_WARN_BLOCK_CAPTURE_AUTORELEASING = YES;
				CLANG_WARN_BOOL_CONVERSION = YES;
				CLANG_WARN_COMMA = YES;
				CLANG_WARN_CONSTANT_CONVERSION = YES;
				CLANG_WARN_DEPRECATED_OBJC_IMPLEMENTATIONS = YES;
				CLANG_WARN_DIRECT_OBJC_ISA_USAGE = YES_ERROR;
				CLANG_WARN_DOCUMENTATION_COMMENTS = YES;
				CLANG_WARN_EMPTY_BODY = YES;
				CLANG_WARN_ENUM_CONVERSION = YES;
				CLANG_WARN_INFINITE_RECURSION = YES;
				CLANG_WARN_INT_CONVERSION = YES;
				CLANG_WARN_NON_LITERAL_NULL_CONVERSION = YES;
				CLANG_WARN_OBJC_IMPLICIT_RETAIN_SELF = YES;
				CLANG_WARN_OBJC_LITERAL_CONVERSION = YES;
				CLANG_WARN_OBJC_ROOT_CLASS = YES_ERROR;
				CLANG_WARN_RANGE_LOOP_ANALYSIS = YES;
				CLANG_WARN_STRICT_PROTOTYPES = YES;
				CLANG_WARN_SUSPICIOUS_MOVE = YES;
				CLANG_WARN_UNGUARDED_AVAILABILITY = YES_AGGRESSIVE;
				CLANG_WARN_UNREACHABLE_CODE = YES;
				CLANG_WARN__DUPLICATE_METHOD_MATCH = YES;
				COPY_PHASE_STRIP = NO;
				DEBUG_INFORMATION_FORMAT = dwarf;
				ENABLE_STRICT_OBJC_MSGSEND = YES;
				ENABLE_TESTABILITY = YES;
				GCC_C_LANGUAGE_STANDARD = gnu11;
				GCC_DYNAMIC_NO_PIC = NO;
				GCC_NO_COMMON_BLOCKS = YES;
				GCC_OPTIMIZATION_LEVEL = 0;
				GCC_PREPROCESSOR_DEFINITIONS = (
					"DEBUG=1",
					"$(inherited)",
				);
				GCC_WARN_64_TO_32_BIT_CONVERSION = YES;
				GCC_WARN_ABOUT_RETURN_TYPE = YES_ERROR;
				GCC_WARN_UNDECLARED_SELECTOR = YES;
				GCC_WARN_UNINITIALIZED_AUTOS = YES_AGGRESSIVE;
				GCC_WARN_UNUSED_FUNCTION = YES;
				GCC_WARN_UNUSED_VARIABLE = YES;
				IPHONEOS_DEPLOYMENT_TARGET = 13.2;
				MTL_ENABLE_DEBUG_INFO = INCLUDE_SOURCE;
				MTL_FAST_MATH = YES;
				ONLY_ACTIVE_ARCH = YES;
				SDKROOT = iphoneos;
				SWIFT_ACTIVE_COMPILATION_CONDITIONS = DEBUG;
				SWIFT_OPTIMIZATION_LEVEL = "-Onone";
			};
			name = Debug;
		};
		D902133823FC033F00219675 /* Release */ = {
			isa = XCBuildConfiguration;
			buildSettings = {
				ALWAYS_SEARCH_USER_PATHS = NO;
				CLANG_ANALYZER_NONNULL = YES;
				CLANG_ANALYZER_NUMBER_OBJECT_CONVERSION = YES_AGGRESSIVE;
				CLANG_CXX_LANGUAGE_STANDARD = "gnu++14";
				CLANG_CXX_LIBRARY = "libc++";
				CLANG_ENABLE_MODULES = YES;
				CLANG_ENABLE_OBJC_ARC = YES;
				CLANG_ENABLE_OBJC_WEAK = YES;
				CLANG_WARN_BLOCK_CAPTURE_AUTORELEASING = YES;
				CLANG_WARN_BOOL_CONVERSION = YES;
				CLANG_WARN_COMMA = YES;
				CLANG_WARN_CONSTANT_CONVERSION = YES;
				CLANG_WARN_DEPRECATED_OBJC_IMPLEMENTATIONS = YES;
				CLANG_WARN_DIRECT_OBJC_ISA_USAGE = YES_ERROR;
				CLANG_WARN_DOCUMENTATION_COMMENTS = YES;
				CLANG_WARN_EMPTY_BODY = YES;
				CLANG_WARN_ENUM_CONVERSION = YES;
				CLANG_WARN_INFINITE_RECURSION = YES;
				CLANG_WARN_INT_CONVERSION = YES;
				CLANG_WARN_NON_LITERAL_NULL_CONVERSION = YES;
				CLANG_WARN_OBJC_IMPLICIT_RETAIN_SELF = YES;
				CLANG_WARN_OBJC_LITERAL_CONVERSION = YES;
				CLANG_WARN_OBJC_ROOT_CLASS = YES_ERROR;
				CLANG_WARN_RANGE_LOOP_ANALYSIS = YES;
				CLANG_WARN_STRICT_PROTOTYPES = YES;
				CLANG_WARN_SUSPICIOUS_MOVE = YES;
				CLANG_WARN_UNGUARDED_AVAILABILITY = YES_AGGRESSIVE;
				CLANG_WARN_UNREACHABLE_CODE = YES;
				CLANG_WARN__DUPLICATE_METHOD_MATCH = YES;
				COPY_PHASE_STRIP = NO;
				DEBUG_INFORMATION_FORMAT = "dwarf-with-dsym";
				ENABLE_NS_ASSERTIONS = NO;
				ENABLE_STRICT_OBJC_MSGSEND = YES;
				GCC_C_LANGUAGE_STANDARD = gnu11;
				GCC_NO_COMMON_BLOCKS = YES;
				GCC_WARN_64_TO_32_BIT_CONVERSION = YES;
				GCC_WARN_ABOUT_RETURN_TYPE = YES_ERROR;
				GCC_WARN_UNDECLARED_SELECTOR = YES;
				GCC_WARN_UNINITIALIZED_AUTOS = YES_AGGRESSIVE;
				GCC_WARN_UNUSED_FUNCTION = YES;
				GCC_WARN_UNUSED_VARIABLE = YES;
				IPHONEOS_DEPLOYMENT_TARGET = 13.2;
				MTL_ENABLE_DEBUG_INFO = NO;
				MTL_FAST_MATH = YES;
				SDKROOT = iphoneos;
				SWIFT_COMPILATION_MODE = wholemodule;
				SWIFT_OPTIMIZATION_LEVEL = "-O";
				VALIDATE_PRODUCT = YES;
			};
			name = Release;
		};
		D902133A23FC033F00219675 /* Debug */ = {
			isa = XCBuildConfiguration;
			buildSettings = {
				ASSETCATALOG_COMPILER_APPICON_NAME = AppIcon;
				CODE_SIGN_STYLE = Automatic;
				DEVELOPMENT_ASSET_PATHS = "\"Units/Preview Content\"";
				DEVELOPMENT_TEAM = XP4ML92KUD;
				ENABLE_PREVIEWS = YES;
				INFOPLIST_FILE = Units/Info.plist;
				LD_RUNPATH_SEARCH_PATHS = (
					"$(inherited)",
					"@executable_path/Frameworks",
				);
				PRODUCT_BUNDLE_IDENTIFIER = com.emer.Units;
				PRODUCT_NAME = "$(TARGET_NAME)";
				SWIFT_VERSION = 5.0;
				TARGETED_DEVICE_FAMILY = "1,2";
			};
			name = Debug;
		};
		D902133B23FC033F00219675 /* Release */ = {
			isa = XCBuildConfiguration;
			buildSettings = {
				ASSETCATALOG_COMPILER_APPICON_NAME = AppIcon;
				CODE_SIGN_STYLE = Automatic;
				DEVELOPMENT_ASSET_PATHS = "\"Units/Preview Content\"";
				DEVELOPMENT_TEAM = XP4ML92KUD;
				ENABLE_PREVIEWS = YES;
				INFOPLIST_FILE = Units/Info.plist;
				LD_RUNPATH_SEARCH_PATHS = (
					"$(inherited)",
					"@executable_path/Frameworks",
				);
				PRODUCT_BUNDLE_IDENTIFIER = com.emer.Units;
				PRODUCT_NAME = "$(TARGET_NAME)";
				SWIFT_VERSION = 5.0;
				TARGETED_DEVICE_FAMILY = "1,2";
			};
			name = Release;
		};
/* End XCBuildConfiguration section */

/* Begin XCConfigurationList section */
		D902132023FC033D00219675 /* Build configuration list for PBXProject "Units" */ = {
			isa = XCConfigurationList;
			buildConfigurations = (
				D902133723FC033F00219675 /* Debug */,
				D902133823FC033F00219675 /* Release */,
			);
			defaultConfigurationIsVisible = 0;
			defaultConfigurationName = Release;
		};
		D902133923FC033F00219675 /* Build configuration list for PBXNativeTarget "Units" */ = {
			isa = XCConfigurationList;
			buildConfigurations = (
				D902133A23FC033F00219675 /* Debug */,
				D902133B23FC033F00219675 /* Release */,
			);
			defaultConfigurationIsVisible = 0;
			defaultConfigurationName = Release;
		};
/* End XCConfigurationList section */
	};
	rootObject = D902131D23FC033D00219675 /* Project object */;
}
